
Microsoft Visual Studio Solution File, Format Version 12.00
# Visual Studio Version 17
VisualStudioVersion = 17.8.34511.84
MinimumVisualStudioVersion = 10.0.40219.1
Project("{2150E333-8FDC-42A3-9474-1A3956D46DE8}") = "Core", "Core", "{891AAEE1-B620-4DAF-A6A2-7C8C28CCB09A}"
EndProject
Project("{FAE04EC0-301F-11D3-BF4B-00C04F79EFBC}") = "UdemyCarBook.Domain", "Core\UdemyCarBook.Domain\UdemyCarBook.Domain.csproj", "{A90DE434-10AD-4CFD-AD95-CE72EE730EC4}"
EndProject
Global
	GlobalSection(SolutionConfigurationPlatforms) = preSolution
		Debug|Any CPU = Debug|Any CPU
		Release|Any CPU = Release|Any CPU
	EndGlobalSection
	GlobalSection(ProjectConfigurationPlatforms) = postSolution
		{A90DE434-10AD-4CFD-AD95-CE72EE730EC4}.Debug|Any CPU.ActiveCfg = Debug|Any CPU
		{A90DE434-10AD-4CFD-AD95-CE72EE730EC4}.Debug|Any CPU.Build.0 = Debug|Any CPU
		{A90DE434-10AD-4CFD-AD95-CE72EE730EC4}.Release|Any CPU.ActiveCfg = Release|Any CPU
		{A90DE434-10AD-4CFD-AD95-CE72EE730EC4}.Release|Any CPU.Build.0 = Release|Any CPU
	EndGlobalSection
	GlobalSection(SolutionProperties) = preSolution
		HideSolutionNode = FALSE
	EndGlobalSection
	GlobalSection(NestedProjects) = preSolution
		{A90DE434-10AD-4CFD-AD95-CE72EE730EC4} = {891AAEE1-B620-4DAF-A6A2-7C8C28CCB09A}
	EndGlobalSection
	GlobalSection(ExtensibilityGlobals) = postSolution
		SolutionGuid = {919276C0-0E72-414F-BB20-30F80453D142}
	EndGlobalSection
EndGlobal
